{
  "name": "sdf-netsuite-typescript-starter",
  "version": "1.0.0",
  "lockfileVersion": 1,
  "requires": true,
  "dependencies": {
    "@hitc/netsuite-types": {
      "version": "2019.2.2",
      "resolved": "https://registry.npmjs.org/@hitc/netsuite-types/-/netsuite-types-2019.2.2.tgz",
      "integrity": "sha512-nYezxqxAcPwWHvSeCkDLzKBOns+XgHOH5mPDvH94lAxYJ6hu2n8Aojtto5Rzp8i9T0Xnoxnm3tZhOmsxaCTlMw==",
      "dev": true
    },
    "@types/node": {
      "version": "12.7.5",
      "resolved": "https://registry.npmjs.org/@types/node/-/node-12.7.5.tgz",
      "integrity": "sha512-9fq4jZVhPNW8r+UYKnxF1e2HkDWOWKM5bC2/7c9wPV835I0aOrVbS/Hw/pWPk2uKrNXQqg9Z959Kz+IYDd5p3w==",
      "dev": true
    }
  }
}
